
Microsoft Visual Studio Solution File, Format Version 12.00
# Visual Studio Version 17
VisualStudioVersion = 17.8.34330.188
MinimumVisualStudioVersion = 10.0.40219.1
Project("{9A19103F-16F7-4668-BE54-9A1E7A4F7556}") = "BulkyBookWeb", "BulkyWeb\BulkyBookWeb.csproj", "{583C45C4-F47E-4FE5-8A22-550178417D02}"
EndProject
Project("{9A19103F-16F7-4668-BE54-9A1E7A4F7556}") = "BulkyBook.DataAccess", "Bulky.DataAccess\BulkyBook.DataAccess.csproj", "{7F2FF08B-39DC-4908-9BDD-3D9CE495BEAA}"
EndProject
Project("{9A19103F-16F7-4668-BE54-9A1E7A4F7556}") = "BulkyBook.Models", "Bulky.Models\BulkyBook.Models.csproj", "{A81E3627-F6EA-46A0-A2D7-A73134554474}"
EndProject
Project("{9A19103F-16F7-4668-BE54-9A1E7A4F7556}") = "BulkyBook.Utility", "Bulky.Utility\BulkyBook.Utility.csproj", "{D2D063A6-A3B0-4C88-ACB4-98654EEE9944}"
EndProject
Global
	GlobalSection(SolutionConfigurationPlatforms) = preSolution
		Debug|Any CPU = Debug|Any CPU
		Release|Any CPU = Release|Any CPU
	EndGlobalSection
	GlobalSection(ProjectConfigurationPlatforms) = postSolution
		{583C45C4-F47E-4FE5-8A22-550178417D02}.Debug|Any CPU.ActiveCfg = Debug|Any CPU
		{583C45C4-F47E-4FE5-8A22-550178417D02}.Debug|Any CPU.Build.0 = Debug|Any CPU
		{583C45C4-F47E-4FE5-8A22-550178417D02}.Release|Any CPU.ActiveCfg = Release|Any CPU
		{583C45C4-F47E-4FE5-8A22-550178417D02}.Release|Any CPU.Build.0 = Release|Any CPU
		{7F2FF08B-39DC-4908-9BDD-3D9CE495BEAA}.Debug|Any CPU.ActiveCfg = Debug|Any CPU
		{7F2FF08B-39DC-4908-9BDD-3D9CE495BEAA}.Debug|Any CPU.Build.0 = Debug|Any CPU
		{7F2FF08B-39DC-4908-9BDD-3D9CE495BEAA}.Release|Any CPU.ActiveCfg = Release|Any CPU
		{7F2FF08B-39DC-4908-9BDD-3D9CE495BEAA}.Release|Any CPU.Build.0 = Release|Any CPU
		{A81E3627-F6EA-46A0-A2D7-A73134554474}.Debug|Any CPU.ActiveCfg = Debug|Any CPU
		{A81E3627-F6EA-46A0-A2D7-A73134554474}.Debug|Any CPU.Build.0 = Debug|Any CPU
		{A81E3627-F6EA-46A0-A2D7-A73134554474}.Release|Any CPU.ActiveCfg = Release|Any CPU
		{A81E3627-F6EA-46A0-A2D7-A73134554474}.Release|Any CPU.Build.0 = Release|Any CPU
		{D2D063A6-A3B0-4C88-ACB4-98654EEE9944}.Debug|Any CPU.ActiveCfg = Debug|Any CPU
		{D2D063A6-A3B0-4C88-ACB4-98654EEE9944}.Debug|Any CPU.Build.0 = Debug|Any CPU
		{D2D063A6-A3B0-4C88-ACB4-98654EEE9944}.Release|Any CPU.ActiveCfg = Release|Any CPU
		{D2D063A6-A3B0-4C88-ACB4-98654EEE9944}.Release|Any CPU.Build.0 = Release|Any CPU
	EndGlobalSection
	GlobalSection(SolutionProperties) = preSolution
		HideSolutionNode = FALSE
	EndGlobalSection
	GlobalSection(ExtensibilityGlobals) = postSolution
		SolutionGuid = {71E3F541-89D9-40D3-9602-D577636E7F6A}
	EndGlobalSection
EndGlobal
